
Microsoft Visual Studio Solution File, Format Version 12.00
# Visual Studio Version 16
VisualStudioVersion = 16.0.28803.156
MinimumVisualStudioVersion = 10.0.40219.1
Project("{9A19103F-16F7-4668-BE54-9A1E7A4F7556}") = "Self-Storage Management System.Core", "Self-Storage Management System.Core\Self-Storage Management System.Core.csproj", "{FB4ABCF7-C963-4146-A958-D30519CBE578}"
EndProject
Project("{FAE04EC0-301F-11D3-BF4B-00C04F79EFBC}") = "Self-Storage Management System.web", "Self-Storage Management System.web\Self-Storage Management System.web.csproj", "{8ECAB56C-FAB2-463F-AD87-5D6B4B00C974}"
EndProject
Global
	GlobalSection(SolutionConfigurationPlatforms) = preSolution
		Debug|Any CPU = Debug|Any CPU
		Release|Any CPU = Release|Any CPU
	EndGlobalSection
	GlobalSection(ProjectConfigurationPlatforms) = postSolution
		{FB4ABCF7-C963-4146-A958-D30519CBE578}.Debug|Any CPU.ActiveCfg = Debug|Any CPU
		{FB4ABCF7-C963-4146-A958-D30519CBE578}.Debug|Any CPU.Build.0 = Debug|Any CPU
		{FB4ABCF7-C963-4146-A958-D30519CBE578}.Release|Any CPU.ActiveCfg = Release|Any CPU
		{FB4ABCF7-C963-4146-A958-D30519CBE578}.Release|Any CPU.Build.0 = Release|Any CPU
		{8ECAB56C-FAB2-463F-AD87-5D6B4B00C974}.Debug|Any CPU.ActiveCfg = Debug|Any CPU
		{8ECAB56C-FAB2-463F-AD87-5D6B4B00C974}.Debug|Any CPU.Build.0 = Debug|Any CPU
		{8ECAB56C-FAB2-463F-AD87-5D6B4B00C974}.Release|Any CPU.ActiveCfg = Release|Any CPU
		{8ECAB56C-FAB2-463F-AD87-5D6B4B00C974}.Release|Any CPU.Build.0 = Release|Any CPU
	EndGlobalSection
	GlobalSection(SolutionProperties) = preSolution
		HideSolutionNode = FALSE
	EndGlobalSection
	GlobalSection(ExtensibilityGlobals) = postSolution
		SolutionGuid = {ED483AAE-FC38-4253-8FB8-35D38A05CC5A}
	EndGlobalSection
EndGlobal
